// !$*UTF8*$!
{
	archiveVersion = 1;
	classes = {
	};
	objectVersion = 77;
	objects = {

/* Begin PBXBuildFile section */
		AE2FA6192E10141C001371EB /* .gitignore in Resources */ = {isa = PBXBuildFile; fileRef = AE2FA6182E101413001371EB /* .gitignore */; };
/* End PBXBuildFile section */

/* Begin PBXContainerItemProxy section */
		AE2FA5FA2E100BE9001371EB /* PBXContainerItemProxy */ = {
			isa = PBXContainerItemProxy;
			containerPortal = AE2FA5E42E100BE6001371EB /* Project object */;
			proxyType = 1;
			remoteGlobalIDString = AE2FA5EB2E100BE6001371EB;
			remoteInfo = ToDoux;
		};
		AE2FA6042E100BE9001371EB /* PBXContainerItemProxy */ = {
			isa = PBXContainerItemProxy;
			containerPortal = AE2FA5E42E100BE6001371EB /* Project object */;
			proxyType = 1;
			remoteGlobalIDString = AE2FA5EB2E100BE6001371EB;
			remoteInfo = ToDoux;
		};
/* End PBXContainerItemProxy section */

/* Begin PBXFileReference section */
		AE2FA5EC2E100BE6001371EB /* ToDoux.app */ = {isa = PBXFileReference; explicitFileType = wrapper.application; includeInIndex = 0; path = ToDoux.app; sourceTree = BUILT_PRODUCTS_DIR; };
		AE2FA5F92E100BE9001371EB /* ToDouxTests.xctest */ = {isa = PBXFileReference; explicitFileType = wrapper.cfbundle; includeInIndex = 0; path = ToDouxTests.xctest; sourceTree = BUILT_PRODUCTS_DIR; };
		AE2FA6032E100BE9001371EB /* ToDouxUITests.xctest */ = {isa = PBXFileReference; explicitFileType = wrapper.cfbundle; includeInIndex = 0; path = ToDouxUITests.xctest; sourceTree = BUILT_PRODUCTS_DIR; };
		AE2FA6182E101413001371EB /* .gitignore */ = {isa = PBXFileReference; lastKnownFileType = text; path = .gitignore; sourceTree = "<group>"; };
/* End PBXFileReference section */

/* Begin PBXFileSystemSynchronizedRootGroup section */
		AE2FA5EE2E100BE6001371EB /* ToDoux */ = {
			isa = PBXFileSystemSynchronizedRootGroup;
			path = ToDoux;
			sourceTree = "<group>";
		};
		AE2FA5FC2E100BE9001371EB /* ToDouxTests */ = {
			isa = PBXFileSystemSynchronizedRootGroup;
			path = ToDouxTests;
			sourceTree = "<group>";
		};
		AE2FA6062E100BE9001371EB /* ToDouxUITests */ = {
			isa = PBXFileSystemSynchronizedRootGroup;
			path = ToDouxUITests;
			sourceTree = "<group>";
		};
/* End PBXFileSystemSynchronizedRootGroup section */

/* Begin PBXFrameworksBuildPhase section */
		AE2FA5E92E100BE6001371EB /* Frameworks */ = {
			isa = PBXFrameworksBuildPhase;
			buildActionMask = 2147483647;
			files = (
			);
			runOnlyForDeploymentPostprocessing = 0;
		};
		AE2FA5F62E100BE9001371EB /* Frameworks */ = {
			isa = PBXFrameworksBuildPhase;
			buildActionMask = 2147483647;
			files = (
			);
			runOnlyForDeploymentPostprocessing = 0;
		};
		AE2FA6002E100BE9001371EB /* Frameworks */ = {
			isa = PBXFrameworksBuildPhase;
			buildActionMask = 2147483647;
			files = (
			);
			runOnlyForDeploymentPostprocessing = 0;
		};
/* End PBXFrameworksBuildPhase section */

/* Begin PBXGroup section */
		AE2FA5E32E100BE6001371EB = {
			isa = PBXGroup;
			children = (
				AE2FA5EE2E100BE6001371EB /* ToDoux */,
				AE2FA5FC2E100BE9001371EB /* ToDouxTests */,
				AE2FA6062E100BE9001371EB /* ToDouxUITests */,
				AE2FA5ED2E100BE6001371EB /* Products */,
				AE2FA6182E101413001371EB /* .gitignore */,
			);
			sourceTree = "<group>";
		};
		AE2FA5ED2E100BE6001371EB /* Products */ = {
			isa = PBXGroup;
			children = (
				AE2FA5EC2E100BE6001371EB /* ToDoux.app */,
				AE2FA5F92E100BE9001371EB /* ToDouxTests.xctest */,
				AE2FA6032E100BE9001371EB /* ToDouxUITests.xctest */,
			);
			name = Products;
			sourceTree = "<group>";
		};
/* End PBXGroup section */

/* Begin PBXNativeTarget section */
		AE2FA5EB2E100BE6001371EB /* ToDoux */ = {
			isa = PBXNativeTarget;
			buildConfigurationList = AE2FA60D2E100BE9001371EB /* Build configuration list for PBXNativeTarget "ToDoux" */;
			buildPhases = (
				AE2FA5E82E100BE6001371EB /* Sources */,
				AE2FA5E92E100BE6001371EB /* Frameworks */,
				AE2FA5EA2E100BE6001371EB /* Resources */,
			);
			buildRules = (
			);
			dependencies = (
			);
			fileSystemSynchronizedGroups = (
				AE2FA5EE2E100BE6001371EB /* ToDoux */,
			);
			name = ToDoux;
			packageProductDependencies = (
			);
			productName = ToDoux;
			productReference = AE2FA5EC2E100BE6001371EB /* ToDoux.app */;
			productType = "com.apple.product-type.application";
		};
		AE2FA5F82E100BE9001371EB /* ToDouxTests */ = {
			isa = PBXNativeTarget;
			buildConfigurationList = AE2FA6102E100BE9001371EB /* Build configuration list for PBXNativeTarget "ToDouxTests" */;
			buildPhases = (
				AE2FA5F52E100BE9001371EB /* Sources */,
				AE2FA5F62E100BE9001371EB /* Frameworks */,
				AE2FA5F72E100BE9001371EB /* Resources */,
			);
			buildRules = (
			);
			dependencies = (
				AE2FA5FB2E100BE9001371EB /* PBXTargetDependency */,
			);
			fileSystemSynchronizedGroups = (
				AE2FA5FC2E100BE9001371EB /* ToDouxTests */,
			);
			name = ToDouxTests;
			packageProductDependencies = (
			);
			productName = ToDouxTests;
			productReference = AE2FA5F92E100BE9001371EB /* ToDouxTests.xctest */;
			productType = "com.apple.product-type.bundle.unit-test";
		};
		AE2FA6022E100BE9001371EB /* ToDouxUITests */ = {
			isa = PBXNativeTarget;
			buildConfigurationList = AE2FA6132E100BE9001371EB /* Build configuration list for PBXNativeTarget "ToDouxUITests" */;
			buildPhases = (
				AE2FA5FF2E100BE9001371EB /* Sources */,
				AE2FA6002E100BE9001371EB /* Frameworks */,
				AE2FA6012E100BE9001371EB /* Resources */,
			);
			buildRules = (
			);
			dependencies = (
				AE2FA6052E100BE9001371EB /* PBXTargetDependency */,
			);
			fileSystemSynchronizedGroups = (
				AE2FA6062E100BE9001371EB /* ToDouxUITests */,
			);
			name = ToDouxUITests;
			packageProductDependencies = (
			);
			productName = ToDouxUITests;
			productReference = AE2FA6032E100BE9001371EB /* ToDouxUITests.xctest */;
			productType = "com.apple.product-type.bundle.ui-testing";
		};
/* End PBXNativeTarget section */

/* Begin PBXProject section */
		AE2FA5E42E100BE6001371EB /* Project object */ = {
			isa = PBXProject;
			attributes = {
				BuildIndependentTargetsInParallel = 1;
				LastSwiftUpdateCheck = 1640;
				LastUpgradeCheck = 1640;
				TargetAttributes = {
					AE2FA5EB2E100BE6001371EB = {
						CreatedOnToolsVersion = 16.4;
					};
					AE2FA5F82E100BE9001371EB = {
						CreatedOnToolsVersion = 16.4;
						TestTargetID = AE2FA5EB2E100BE6001371EB;
					};
					AE2FA6022E100BE9001371EB = {
						CreatedOnToolsVersion = 16.4;
						TestTargetID = AE2FA5EB2E100BE6001371EB;
					};
				};
			};
			buildConfigurationList = AE2FA5E72E100BE6001371EB /* Build configuration list for PBXProject "ToDoux" */;
			developmentRegion = en;
			hasScannedForEncodings = 0;
			knownRegions = (
				en,
				Base,
			);
			mainGroup = AE2FA5E32E100BE6001371EB;
			minimizedProjectReferenceProxies = 1;
			preferredProjectObjectVersion = 77;
			productRefGroup = AE2FA5ED2E100BE6001371EB /* Products */;
			projectDirPath = "";
			projectRoot = "";
			targets = (
				AE2FA5EB2E100BE6001371EB /* ToDoux */,
				AE2FA5F82E100BE9001371EB /* ToDouxTests */,
				AE2FA6022E100BE9001371EB /* ToDouxUITests */,
			);
		};
/* End PBXProject section */

/* Begin PBXResourcesBuildPhase section */
		AE2FA5EA2E100BE6001371EB /* Resources */ = {
			isa = PBXResourcesBuildPhase;
			buildActionMask = 2147483647;
			files = (
				AE2FA6192E10141C001371EB /* .gitignore in Resources */,
			);
			runOnlyForDeploymentPostprocessing = 0;
		};
		AE2FA5F72E100BE9001371EB /* Resources */ = {
			isa = PBXResourcesBuildPhase;
			buildActionMask = 2147483647;
			files = (
			);
			runOnlyForDeploymentPostprocessing = 0;
		};
		AE2FA6012E100BE9001371EB /* Resources */ = {
			isa = PBXResourcesBuildPhase;
			buildActionMask = 2147483647;
			files = (
			);
			runOnlyForDeploymentPostprocessing = 0;
		};
/* End PBXResourcesBuildPhase section */

/* Begin PBXSourcesBuildPhase section */
		AE2FA5E82E100BE6001371EB /* Sources */ = {
			isa = PBXSourcesBuildPhase;
			buildActionMask = 2147483647;
			files = (
			);
			runOnlyForDeploymentPostprocessing = 0;
		};
		AE2FA5F52E100BE9001371EB /* Sources */ = {
			isa = PBXSourcesBuildPhase;
			buildActionMask = 2147483647;
			files = (
			);
			runOnlyForDeploymentPostprocessing = 0;
		};
		AE2FA5FF2E100BE9001371EB /* Sources */ = {
			isa = PBXSourcesBuildPhase;
			buildActionMask = 2147483647;
			files = (
			);
			runOnlyForDeploymentPostprocessing = 0;
		};
/* End PBXSourcesBuildPhase section */

/* Begin PBXTargetDependency section */
		AE2FA5FB2E100BE9001371EB /* PBXTargetDependency */ = {
			isa = PBXTargetDependency;
			target = AE2FA5EB2E100BE6001371EB /* ToDoux */;
			targetProxy = AE2FA5FA2E100BE9001371EB /* PBXContainerItemProxy */;
		};
		AE2FA6052E100BE9001371EB /* PBXTargetDependency */ = {
			isa = PBXTargetDependency;
			target = AE2FA5EB2E100BE6001371EB /* ToDoux */;
			targetProxy = AE2FA6042E100BE9001371EB /* PBXContainerItemProxy */;
		};
/* End PBXTargetDependency section */

/* Begin XCBuildConfiguration section */
		AE2FA60B2E100BE9001371EB /* Debug */ = {
			isa = XCBuildConfiguration;
			buildSettings = {
				ALWAYS_SEARCH_USER_PATHS = NO;
				ASSETCATALOG_COMPILER_GENERATE_SWIFT_ASSET_SYMBOL_EXTENSIONS = YES;
				CLANG_ANALYZER_NONNULL = YES;
				CLANG_ANALYZER_NUMBER_OBJECT_CONVERSION = YES_AGGRESSIVE;
				CLANG_CXX_LANGUAGE_STANDARD = "gnu++20";
				CLANG_ENABLE_MODULES = YES;
				CLANG_ENABLE_OBJC_ARC = YES;
				CLANG_ENABLE_OBJC_WEAK = YES;
				CLANG_WARN_BLOCK_CAPTURE_AUTORELEASING = YES;
				CLANG_WARN_BOOL_CONVERSION = YES;
				CLANG_WARN_COMMA = YES;
				CLANG_WARN_CONSTANT_CONVERSION = YES;
				CLANG_WARN_DEPRECATED_OBJC_IMPLEMENTATIONS = YES;
				CLANG_WARN_DIRECT_OBJC_ISA_USAGE = YES_ERROR;
				CLANG_WARN_DOCUMENTATION_COMMENTS = YES;
				CLANG_WARN_EMPTY_BODY = YES;
				CLANG_WARN_ENUM_CONVERSION = YES;
				CLANG_WARN_INFINITE_RECURSION = YES;
				CLANG_WARN_INT_CONVERSION = YES;
				CLANG_WARN_NON_LITERAL_NULL_CONVERSION = YES;
				CLANG_WARN_OBJC_IMPLICIT_RETAIN_SELF = YES;
				CLANG_WARN_OBJC_LITERAL_CONVERSION = YES;
				CLANG_WARN_OBJC_ROOT_CLASS = YES_ERROR;
				CLANG_WARN_QUOTED_INCLUDE_IN_FRAMEWORK_HEADER = YES;
				CLANG_WARN_RANGE_LOOP_ANALYSIS = YES;
				CLANG_WARN_STRICT_PROTOTYPES = YES;
				CLANG_WARN_SUSPICIOUS_MOVE = YES;
				CLANG_WARN_UNGUARDED_AVAILABILITY = YES_AGGRESSIVE;
				CLANG_WARN_UNREACHABLE_CODE = YES;
				CLANG_WARN__DUPLICATE_METHOD_MATCH = YES;
				COPY_PHASE_STRIP = NO;
				DEBUG_INFORMATION_FORMAT = dwarf;
				ENABLE_STRICT_OBJC_MSGSEND = YES;
				ENABLE_TESTABILITY = YES;
				ENABLE_USER_SCRIPT_SANDBOXING = YES;
				GCC_C_LANGUAGE_STANDARD = gnu17;
				GCC_DYNAMIC_NO_PIC = NO;
				GCC_NO_COMMON_BLOCKS = YES;
				GCC_OPTIMIZATION_LEVEL = 0;
				GCC_PREPROCESSOR_DEFINITIONS = (
					"DEBUG=1",
					"$(inherited)",
				);
				GCC_WARN_64_TO_32_BIT_CONVERSION = YES;
				GCC_WARN_ABOUT_RETURN_TYPE = YES_ERROR;
				GCC_WARN_UNDECLARED_SELECTOR = YES;
				GCC_WARN_UNINITIALIZED_AUTOS = YES_AGGRESSIVE;
				GCC_WARN_UNUSED_FUNCTION = YES;
				GCC_WARN_UNUSED_VARIABLE = YES;
				IPHONEOS_DEPLOYMENT_TARGET = 18.5;
				LOCALIZATION_PREFERS_STRING_CATALOGS = YES;
				MTL_ENABLE_DEBUG_INFO = INCLUDE_SOURCE;
				MTL_FAST_MATH = YES;
				ONLY_ACTIVE_ARCH = YES;
				SDKROOT = iphoneos;
				SWIFT_ACTIVE_COMPILATION_CONDITIONS = "DEBUG $(inherited)";
				SWIFT_OPTIMIZATION_LEVEL = "-Onone";
			};
			name = Debug;
		};
		AE2FA60C2E100BE9001371EB /* Release */ = {
			isa = XCBuildConfiguration;
			buildSettings = {
				ALWAYS_SEARCH_USER_PATHS = NO;
				ASSETCATALOG_COMPILER_GENERATE_SWIFT_ASSET_SYMBOL_EXTENSIONS = YES;
				CLANG_ANALYZER_NONNULL = YES;
				CLANG_ANALYZER_NUMBER_OBJECT_CONVERSION = YES_AGGRESSIVE;
				CLANG_CXX_LANGUAGE_STANDARD = "gnu++20";
				CLANG_ENABLE_MODULES = YES;
				CLANG_ENABLE_OBJC_ARC = YES;
				CLANG_ENABLE_OBJC_WEAK = YES;
				CLANG_WARN_BLOCK_CAPTURE_AUTORELEASING = YES;
				CLANG_WARN_BOOL_CONVERSION = YES;
				CLANG_WARN_COMMA = YES;
				CLANG_WARN_CONSTANT_CONVERSION = YES;
				CLANG_WARN_DEPRECATED_OBJC_IMPLEMENTATIONS = YES;
				CLANG_WARN_DIRECT_OBJC_ISA_USAGE = YES_ERROR;
				CLANG_WARN_DOCUMENTATION_COMMENTS = YES;
				CLANG_WARN_EMPTY_BODY = YES;
				CLANG_WARN_ENUM_CONVERSION = YES;
				CLANG_WARN_INFINITE_RECURSION = YES;
				CLANG_WARN_INT_CONVERSION = YES;
				CLANG_WARN_NON_LITERAL_NULL_CONVERSION = YES;
				CLANG_WARN_OBJC_IMPLICIT_RETAIN_SELF = YES;
				CLANG_WARN_OBJC_LITERAL_CONVERSION = YES;
				CLANG_WARN_OBJC_ROOT_CLASS = YES_ERROR;
				CLANG_WARN_QUOTED_INCLUDE_IN_FRAMEWORK_HEADER = YES;
				CLANG_WARN_RANGE_LOOP_ANALYSIS = YES;
				CLANG_WARN_STRICT_PROTOTYPES = YES;
				CLANG_WARN_SUSPICIOUS_MOVE = YES;
				CLANG_WARN_UNGUARDED_AVAILABILITY = YES_AGGRESSIVE;
				CLANG_WARN_UNREACHABLE_CODE = YES;
				CLANG_WARN__DUPLICATE_METHOD_MATCH = YES;
				COPY_PHASE_STRIP = NO;
				DEBUG_INFORMATION_FORMAT = "dwarf-with-dsym";
				ENABLE_NS_ASSERTIONS = NO;
				ENABLE_STRICT_OBJC_MSGSEND = YES;
				ENABLE_USER_SCRIPT_SANDBOXING = YES;
				GCC_C_LANGUAGE_STANDARD = gnu17;
				GCC_NO_COMMON_BLOCKS = YES;
				GCC_WARN_64_TO_32_BIT_CONVERSION = YES;
				GCC_WARN_ABOUT_RETURN_TYPE = YES_ERROR;
				GCC_WARN_UNDECLARED_SELECTOR = YES;
				GCC_WARN_UNINITIALIZED_AUTOS = YES_AGGRESSIVE;
				GCC_WARN_UNUSED_FUNCTION = YES;
				GCC_WARN_UNUSED_VARIABLE = YES;
				IPHONEOS_DEPLOYMENT_TARGET = 18.5;
				LOCALIZATION_PREFERS_STRING_CATALOGS = YES;
				MTL_ENABLE_DEBUG_INFO = NO;
				MTL_FAST_MATH = YES;
				SDKROOT = iphoneos;
				SWIFT_COMPILATION_MODE = wholemodule;
				VALIDATE_PRODUCT = YES;
			};
			name = Release;
		};
		AE2FA60E2E100BE9001371EB /* Debug */ = {
			isa = XCBuildConfiguration;
			buildSettings = {
				ASSETCATALOG_COMPILER_APPICON_NAME = AppIcon;
				ASSETCATALOG_COMPILER_GLOBAL_ACCENT_COLOR_NAME = AccentColor;
				CODE_SIGN_STYLE = Automatic;
				CURRENT_PROJECT_VERSION = 1;
				ENABLE_PREVIEWS = YES;
				GENERATE_INFOPLIST_FILE = YES;
				INFOPLIST_KEY_UIApplicationSceneManifest_Generation = YES;
				INFOPLIST_KEY_UIApplicationSupportsIndirectInputEvents = YES;
				INFOPLIST_KEY_UILaunchScreen_Generation = YES;
				INFOPLIST_KEY_UISupportedInterfaceOrientations_iPad = "UIInterfaceOrientationPortrait UIInterfaceOrientationPortraitUpsideDown UIInterfaceOrientationLandscapeLeft UIInterfaceOrientationLandscapeRight";
				INFOPLIST_KEY_UISupportedInterfaceOrientations_iPhone = "UIInterfaceOrientationPortrait UIInterfaceOrientationLandscapeLeft UIInterfaceOrientationLandscapeRight";
				LD_RUNPATH_SEARCH_PATHS = (
					"$(inherited)",
					"@executable_path/Frameworks",
				);
				MARKETING_VERSION = 1.0;
				PRODUCT_BUNDLE_IDENTIFIER = AntoineBodart.ToDoux;
				PRODUCT_NAME = "$(TARGET_NAME)";
				SWIFT_EMIT_LOC_STRINGS = YES;
				SWIFT_VERSION = 5.0;
				TARGETED_DEVICE_FAMILY = "1,2";
			};
			name = Debug;
		};
		AE2FA60F2E100BE9001371EB /* Release */ = {
			isa = XCBuildConfiguration;
			buildSettings = {
				ASSETCATALOG_COMPILER_APPICON_NAME = AppIcon;
				ASSETCATALOG_COMPILER_GLOBAL_ACCENT_COLOR_NAME = AccentColor;
				CODE_SIGN_STYLE = Automatic;
				CURRENT_PROJECT_VERSION = 1;
				ENABLE_PREVIEWS = YES;
				GENERATE_INFOPLIST_FILE = YES;
				INFOPLIST_KEY_UIApplicationSceneManifest_Generation = YES;
				INFOPLIST_KEY_UIApplicationSupportsIndirectInputEvents = YES;
				INFOPLIST_KEY_UILaunchScreen_Generation = YES;
				INFOPLIST_KEY_UISupportedInterfaceOrientations_iPad = "UIInterfaceOrientationPortrait UIInterfaceOrientationPortraitUpsideDown UIInterfaceOrientationLandscapeLeft UIInterfaceOrientationLandscapeRight";
				INFOPLIST_KEY_UISupportedInterfaceOrientations_iPhone = "UIInterfaceOrientationPortrait UIInterfaceOrientationLandscapeLeft UIInterfaceOrientationLandscapeRight";
				LD_RUNPATH_SEARCH_PATHS = (
					"$(inherited)",
					"@executable_path/Frameworks",
				);
				MARKETING_VERSION = 1.0;
				PRODUCT_BUNDLE_IDENTIFIER = AntoineBodart.ToDoux;
				PRODUCT_NAME = "$(TARGET_NAME)";
				SWIFT_EMIT_LOC_STRINGS = YES;
				SWIFT_VERSION = 5.0;
				TARGETED_DEVICE_FAMILY = "1,2";
			};
			name = Release;
		};
		AE2FA6112E100BE9001371EB /* Debug */ = {
			isa = XCBuildConfiguration;
			buildSettings = {
				BUNDLE_LOADER = "$(TEST_HOST)";
				CODE_SIGN_STYLE = Automatic;
				CURRENT_PROJECT_VERSION = 1;
				GENERATE_INFOPLIST_FILE = YES;
				IPHONEOS_DEPLOYMENT_TARGET = 18.5;
				MARKETING_VERSION = 1.0;
				PRODUCT_BUNDLE_IDENTIFIER = AntoineBodart.ToDouxTests;
				PRODUCT_NAME = "$(TARGET_NAME)";
				SWIFT_EMIT_LOC_STRINGS = NO;
				SWIFT_VERSION = 5.0;
				TARGETED_DEVICE_FAMILY = "1,2";
				TEST_HOST = "$(BUILT_PRODUCTS_DIR)/ToDoux.app/$(BUNDLE_EXECUTABLE_FOLDER_PATH)/ToDoux";
			};
			name = Debug;
		};
		AE2FA6122E100BE9001371EB /* Release */ = {
			isa = XCBuildConfiguration;
			buildSettings = {
				BUNDLE_LOADER = "$(TEST_HOST)";
				CODE_SIGN_STYLE = Automatic;
				CURRENT_PROJECT_VERSION = 1;
				GENERATE_INFOPLIST_FILE = YES;
				IPHONEOS_DEPLOYMENT_TARGET = 18.5;
				MARKETING_VERSION = 1.0;
				PRODUCT_BUNDLE_IDENTIFIER = AntoineBodart.ToDouxTests;
				PRODUCT_NAME = "$(TARGET_NAME)";
				SWIFT_EMIT_LOC_STRINGS = NO;
				SWIFT_VERSION = 5.0;
				TARGETED_DEVICE_FAMILY = "1,2";
				TEST_HOST = "$(BUILT_PRODUCTS_DIR)/ToDoux.app/$(BUNDLE_EXECUTABLE_FOLDER_PATH)/ToDoux";
			};
			name = Release;
		};
		AE2FA6142E100BE9001371EB /* Debug */ = {
			isa = XCBuildConfiguration;
			buildSettings = {
				CODE_SIGN_STYLE = Automatic;
				CURRENT_PROJECT_VERSION = 1;
				GENERATE_INFOPLIST_FILE = YES;
				MARKETING_VERSION = 1.0;
				PRODUCT_BUNDLE_IDENTIFIER = AntoineBodart.ToDouxUITests;
				PRODUCT_NAME = "$(TARGET_NAME)";
				SWIFT_EMIT_LOC_STRINGS = NO;
				SWIFT_VERSION = 5.0;
				TARGETED_DEVICE_FAMILY = "1,2";
				TEST_TARGET_NAME = ToDoux;
			};
			name = Debug;
		};
		AE2FA6152E100BE9001371EB /* Release */ = {
			isa = XCBuildConfiguration;
			buildSettings = {
				CODE_SIGN_STYLE = Automatic;
				CURRENT_PROJECT_VERSION = 1;
				GENERATE_INFOPLIST_FILE = YES;
				MARKETING_VERSION = 1.0;
				PRODUCT_BUNDLE_IDENTIFIER = AntoineBodart.ToDouxUITests;
				PRODUCT_NAME = "$(TARGET_NAME)";
				SWIFT_EMIT_LOC_STRINGS = NO;
				SWIFT_VERSION = 5.0;
				TARGETED_DEVICE_FAMILY = "1,2";
				TEST_TARGET_NAME = ToDoux;
			};
			name = Release;
		};
/* End XCBuildConfiguration section */

/* Begin XCConfigurationList section */
		AE2FA5E72E100BE6001371EB /* Build configuration list for PBXProject "ToDoux" */ = {
			isa = XCConfigurationList;
			buildConfigurations = (
				AE2FA60B2E100BE9001371EB /* Debug */,
				AE2FA60C2E100BE9001371EB /* Release */,
			);
			defaultConfigurationIsVisible = 0;
			defaultConfigurationName = Release;
		};
		AE2FA60D2E100BE9001371EB /* Build configuration list for PBXNativeTarget "ToDoux" */ = {
			isa = XCConfigurationList;
			buildConfigurations = (
				AE2FA60E2E100BE9001371EB /* Debug */,
				AE2FA60F2E100BE9001371EB /* Release */,
			);
			defaultConfigurationIsVisible = 0;
			defaultConfigurationName = Release;
		};
		AE2FA6102E100BE9001371EB /* Build configuration list for PBXNativeTarget "ToDouxTests" */ = {
			isa = XCConfigurationList;
			buildConfigurations = (
				AE2FA6112E100BE9001371EB /* Debug */,
				AE2FA6122E100BE9001371EB /* Release */,
			);
			defaultConfigurationIsVisible = 0;
			defaultConfigurationName = Release;
		};
		AE2FA6132E100BE9001371EB /* Build configuration list for PBXNativeTarget "ToDouxUITests" */ = {
			isa = XCConfigurationList;
			buildConfigurations = (
				AE2FA6142E100BE9001371EB /* Debug */,
				AE2FA6152E100BE9001371EB /* Release */,
			);
			defaultConfigurationIsVisible = 0;
			defaultConfigurationName = Release;
		};
/* End XCConfigurationList section */
	};
	rootObject = AE2FA5E42E100BE6001371EB /* Project object */;
}
